
Microsoft Visual Studio Solution File, Format Version 12.00
# Visual Studio Version 16
VisualStudioVersion = 16.0.30413.136
MinimumVisualStudioVersion = 10.0.40219.1
Project("{9A19103F-16F7-4668-BE54-9A1E7A4F7556}") = "ArgsParser", "ArgsParser\ArgsParser.csproj", "{D9732A95-389F-4A45-8DB0-FCBDBE2DFE74}"
EndProject
Project("{2150E333-8FDC-42A3-9474-1A3956D46DE8}") = "Solution Items", "Solution Items", "{F13DC22B-7006-4FF2-9A54-70926D9C0B96}"
	ProjectSection(SolutionItems) = preProject
		.editorconfig = .editorconfig
		.gitignore = .gitignore
		CHANGELOG.md = CHANGELOG.md
		LICENSE = LICENSE
		README.md = README.md
	EndProjectSection
EndProject
Project("{9A19103F-16F7-4668-BE54-9A1E7A4F7556}") = "ArgsParser.Tests", "ArgsParser.Tests\ArgsParser.Tests.csproj", "{8865EFC4-9759-43EF-A385-E31075C9ADD9}"
EndProject
Global
	GlobalSection(SolutionConfigurationPlatforms) = preSolution
		Debug|Any CPU = Debug|Any CPU
		Release|Any CPU = Release|Any CPU
	EndGlobalSection
	GlobalSection(ProjectConfigurationPlatforms) = postSolution
		{D9732A95-389F-4A45-8DB0-FCBDBE2DFE74}.Debug|Any CPU.ActiveCfg = Debug|Any CPU
		{D9732A95-389F-4A45-8DB0-FCBDBE2DFE74}.Debug|Any CPU.Build.0 = Debug|Any CPU
		{D9732A95-389F-4A45-8DB0-FCBDBE2DFE74}.Release|Any CPU.ActiveCfg = Release|Any CPU
		{D9732A95-389F-4A45-8DB0-FCBDBE2DFE74}.Release|Any CPU.Build.0 = Release|Any CPU
		{8865EFC4-9759-43EF-A385-E31075C9ADD9}.Debug|Any CPU.ActiveCfg = Debug|Any CPU
		{8865EFC4-9759-43EF-A385-E31075C9ADD9}.Debug|Any CPU.Build.0 = Debug|Any CPU
		{8865EFC4-9759-43EF-A385-E31075C9ADD9}.Release|Any CPU.ActiveCfg = Release|Any CPU
		{8865EFC4-9759-43EF-A385-E31075C9ADD9}.Release|Any CPU.Build.0 = Release|Any CPU
	EndGlobalSection
	GlobalSection(SolutionProperties) = preSolution
		HideSolutionNode = FALSE
	EndGlobalSection
	GlobalSection(ExtensibilityGlobals) = postSolution
		SolutionGuid = {9BCBCF6B-B0D9-43F5-8391-4AA7427DC473}
	EndGlobalSection
EndGlobal
